
Microsoft Visual Studio Solution File, Format Version 12.00
# Visual Studio Version 17
VisualStudioVersion = 17.2.32602.215
MinimumVisualStudioVersion = 10.0.40219.1
Project("{FAE04EC0-301F-11D3-BF4B-00C04F79EFBC}") = "aula11-controlador-acesso", "aula11-controlador-acesso.csproj", "{C34F7995-B82C-4952-A33A-9DFD48ACDAEC}"
EndProject
Global
	GlobalSection(SolutionConfigurationPlatforms) = preSolution
		Debug|Any CPU = Debug|Any CPU
		Release|Any CPU = Release|Any CPU
	EndGlobalSection
	GlobalSection(ProjectConfigurationPlatforms) = postSolution
		{C34F7995-B82C-4952-A33A-9DFD48ACDAEC}.Debug|Any CPU.ActiveCfg = Debug|Any CPU
		{C34F7995-B82C-4952-A33A-9DFD48ACDAEC}.Debug|Any CPU.Build.0 = Debug|Any CPU
		{C34F7995-B82C-4952-A33A-9DFD48ACDAEC}.Release|Any CPU.ActiveCfg = Release|Any CPU
		{C34F7995-B82C-4952-A33A-9DFD48ACDAEC}.Release|Any CPU.Build.0 = Release|Any CPU
	EndGlobalSection
	GlobalSection(SolutionProperties) = preSolution
		HideSolutionNode = FALSE
	EndGlobalSection
	GlobalSection(ExtensibilityGlobals) = postSolution
		SolutionGuid = {5A45C122-BF69-4B3D-B6F1-0E92E7019C61}
	EndGlobalSection
EndGlobal
